
Microsoft Visual Studio Solution File, Format Version 11.00
# Visual Studio 2010
Project("{FAE04EC0-301F-11D3-BF4B-00C04F79EFBC}") = "Hackaton-2019", "Assembly-CSharp.csproj", "{04E37F42-CA59-9D7C-37AA-1423460F1E00}"
EndProject
Project("{FAE04EC0-301F-11D3-BF4B-00C04F79EFBC}") = "Hackaton-2019", "Assembly-CSharp-Editor.csproj", "{58EF3C15-AD51-1D5F-C457-A489729740CF}"
EndProject
Global
	GlobalSection(SolutionConfigurationPlatforms) = preSolution
		Debug|Any CPU = Debug|Any CPU
		Release|Any CPU = Release|Any CPU
	EndGlobalSection
	GlobalSection(ProjectConfigurationPlatforms) = postSolution
		{04E37F42-CA59-9D7C-37AA-1423460F1E00}.Debug|Any CPU.ActiveCfg = Debug|Any CPU
		{04E37F42-CA59-9D7C-37AA-1423460F1E00}.Debug|Any CPU.Build.0 = Debug|Any CPU
		{04E37F42-CA59-9D7C-37AA-1423460F1E00}.Release|Any CPU.ActiveCfg = Release|Any CPU
		{04E37F42-CA59-9D7C-37AA-1423460F1E00}.Release|Any CPU.Build.0 = Release|Any CPU
		{58EF3C15-AD51-1D5F-C457-A489729740CF}.Debug|Any CPU.ActiveCfg = Debug|Any CPU
		{58EF3C15-AD51-1D5F-C457-A489729740CF}.Debug|Any CPU.Build.0 = Debug|Any CPU
		{58EF3C15-AD51-1D5F-C457-A489729740CF}.Release|Any CPU.ActiveCfg = Release|Any CPU
		{58EF3C15-AD51-1D5F-C457-A489729740CF}.Release|Any CPU.Build.0 = Release|Any CPU
	EndGlobalSection
	GlobalSection(SolutionProperties) = preSolution
		HideSolutionNode = FALSE
	EndGlobalSection
	GlobalSection(MonoDevelopProperties) = preSolution
		StartupItem = Assembly-CSharp.csproj
	EndGlobalSection
EndGlobal
